
Microsoft Visual Studio Solution File, Format Version 12.00
# Visual Studio Version 17
VisualStudioVersion = 17.7.34221.43
MinimumVisualStudioVersion = 10.0.40219.1
Project("{9A19103F-16F7-4668-BE54-9A1E7A4F7556}") = "ASAManager", "ASAManager.csproj", "{F28EF4AC-0E26-4BA1-9AC8-5F28A5F4AAEF}"
EndProject
Global
	GlobalSection(SolutionConfigurationPlatforms) = preSolution
		Debug|Any CPU = Debug|Any CPU
		Release|Any CPU = Release|Any CPU
	EndGlobalSection
	GlobalSection(ProjectConfigurationPlatforms) = postSolution
		{F28EF4AC-0E26-4BA1-9AC8-5F28A5F4AAEF}.Debug|Any CPU.ActiveCfg = Debug|Any CPU
		{F28EF4AC-0E26-4BA1-9AC8-5F28A5F4AAEF}.Debug|Any CPU.Build.0 = Debug|Any CPU
		{F28EF4AC-0E26-4BA1-9AC8-5F28A5F4AAEF}.Release|Any CPU.ActiveCfg = Release|Any CPU
		{F28EF4AC-0E26-4BA1-9AC8-5F28A5F4AAEF}.Release|Any CPU.Build.0 = Release|Any CPU
	EndGlobalSection
	GlobalSection(SolutionProperties) = preSolution
		HideSolutionNode = FALSE
	EndGlobalSection
	GlobalSection(ExtensibilityGlobals) = postSolution
		SolutionGuid = {67AF3973-36FC-4662-ABB5-7D30DF434DFA}
	EndGlobalSection
EndGlobal
